# This file is autogenerated, do not edit; changes may be undone by the next 'dep ensure'.


[[projects]]
  name = "github.com/BurntSushi/toml"
  packages = ["."]
  revision = "b26d9c308763d68093482582cea63d69be07a0f0"
  version = "v0.3.0"

[[projects]]
  name = "github.com/STNS/STNS"
  packages = ["stns"]
  revision = "9938d2c5e190481de9c46b3857ec826067586c44"
  version = "v0.3-3"

[[projects]]
  branch = "master"
  name = "github.com/StackExchange/wmi"
  packages = ["."]
  revision = "ea383cf3ba6ec950874b8486cd72356d007c768f"

[[projects]]
  name = "github.com/ant0ine/go-json-rest"
  packages = ["rest","rest/trie"]
  revision = "ce4b71cdf7ba29ef443d704bd923f5bbf281ee30"
  version = "v3.3.2"

[[projects]]
  name = "github.com/go-ole/go-ole"
  packages = [".","oleutil"]
  revision = "0e87ea779d9deb219633b828a023b32e1244dd57"
  version = "v1.2.0"

[[projects]]
  branch = "master"
  name = "github.com/pyama86/go-cache"
  packages = ["."]
  revision = "5c290c8c42f48aa529a18a6225382e1b1ee601a1"

[[projects]]
  name = "github.com/shirou/gopsutil"
  packages = ["host","internal/common","process"]
  revision = "aa0a3bce9d1f4efc710ed812f19f77851da2eedd"
  version = "v2.17.06"

[[projects]]
  branch = "master"
  name = "github.com/tredoe/osutil"
  packages = ["user/crypt","user/crypt/apr1_crypt","user/crypt/common","user/crypt/md5_crypt","user/crypt/sha256_crypt","user/crypt/sha512_crypt"]
  revision = "7d3ee1afa71c90fd1514c8f557ae6c5f414208eb"

[[projects]]
  branch = "master"
  name = "golang.org/x/sys"
  packages = ["unix","windows"]
  revision = "cd2c276457edda6df7fb04895d3fd6a6add42926"

[solve-meta]
  analyzer-name = "dep"
  analyzer-version = 1
  inputs-digest = "9d4406bdbdc760425299374d47fa6732efa4b356c5c70a79562bd66e4bac16f6"
  solver-name = "gps-cdcl"
  solver-version = 1
